
Microsoft Visual Studio Solution File, Format Version 12.00
# Visual Studio 14
VisualStudioVersion = 14.0.25420.1
MinimumVisualStudioVersion = 10.0.40219.1
Project("{FAE04EC0-301F-11D3-BF4B-00C04F79EFBC}") = "FCClassManagementSystem.Tests", "FCClassManagementSystem.Tests\FCClassManagementSystem.Tests.csproj", "{1FD6414B-54E6-4F47-9FB3-F7CA5811B231}"
EndProject
Project("{FAE04EC0-301F-11D3-BF4B-00C04F79EFBC}") = "FCClassManagementSystem.Web", "FCClassManagementSystem.Web\FCClassManagementSystem.Web.csproj", "{25A25652-E736-47D5-BDB4-8C07C1646417}"
EndProject
Project("{FAE04EC0-301F-11D3-BF4B-00C04F79EFBC}") = "FCCClassManagementSystem.Domain", "FCCClassManagementSystem.Domain\FCCClassManagementSystem.Domain.csproj", "{414E0083-B91C-4FFE-8683-4E4C247896B9}"
EndProject
Global
	GlobalSection(SolutionConfigurationPlatforms) = preSolution
		Debug|Any CPU = Debug|Any CPU
		Release|Any CPU = Release|Any CPU
	EndGlobalSection
	GlobalSection(ProjectConfigurationPlatforms) = postSolution
		{1FD6414B-54E6-4F47-9FB3-F7CA5811B231}.Debug|Any CPU.ActiveCfg = Debug|Any CPU
		{1FD6414B-54E6-4F47-9FB3-F7CA5811B231}.Debug|Any CPU.Build.0 = Debug|Any CPU
		{1FD6414B-54E6-4F47-9FB3-F7CA5811B231}.Release|Any CPU.ActiveCfg = Release|Any CPU
		{1FD6414B-54E6-4F47-9FB3-F7CA5811B231}.Release|Any CPU.Build.0 = Release|Any CPU
		{25A25652-E736-47D5-BDB4-8C07C1646417}.Debug|Any CPU.ActiveCfg = Debug|Any CPU
		{25A25652-E736-47D5-BDB4-8C07C1646417}.Debug|Any CPU.Build.0 = Debug|Any CPU
		{25A25652-E736-47D5-BDB4-8C07C1646417}.Release|Any CPU.ActiveCfg = Release|Any CPU
		{25A25652-E736-47D5-BDB4-8C07C1646417}.Release|Any CPU.Build.0 = Release|Any CPU
		{414E0083-B91C-4FFE-8683-4E4C247896B9}.Debug|Any CPU.ActiveCfg = Debug|Any CPU
		{414E0083-B91C-4FFE-8683-4E4C247896B9}.Debug|Any CPU.Build.0 = Debug|Any CPU
		{414E0083-B91C-4FFE-8683-4E4C247896B9}.Release|Any CPU.ActiveCfg = Release|Any CPU
		{414E0083-B91C-4FFE-8683-4E4C247896B9}.Release|Any CPU.Build.0 = Release|Any CPU
	EndGlobalSection
	GlobalSection(SolutionProperties) = preSolution
		HideSolutionNode = FALSE
	EndGlobalSection
EndGlobal
